
Microsoft Visual Studio Solution File, Format Version 12.00
# Visual Studio Version 17
VisualStudioVersion = 17.12.35417.141
MinimumVisualStudioVersion = 10.0.40219.1
Project("{B7DD6F7E-DEF8-4E67-B5B7-07EF123DB6F0}") = "Bundle", "Bundle.wixproj", "{E5586F8C-96FE-4B79-8878-D60B860E0FD7}"
	ProjectSection(ProjectDependencies) = postProject
		{34D98E05-B9D4-4AF3-98B6-810612493FFD} = {34D98E05-B9D4-4AF3-98B6-810612493FFD}
	EndProjectSection
EndProject
Project("{B7DD6F7E-DEF8-4E67-B5B7-07EF123DB6F0}") = "WSM-agent-windows-management_service_installer", "..\WSM-agent-windows-management_service_installer\WSM-agent-windows-management_service_installer.wixproj", "{79018E5A-CA94-4833-A2CA-A7BFCD3C642D}"
	ProjectSection(ProjectDependencies) = postProject
		{AB8FFC0D-BA18-4322-9A8C-71B879B7AFC7} = {AB8FFC0D-BA18-4322-9A8C-71B879B7AFC7}
	EndProjectSection
EndProject
Project("{FAE04EC0-301F-11D3-BF4B-00C04F79EFBC}") = "SessionService", "..\WSM-agent-windows-management_service\SessionService.csproj", "{C3779707-90FC-4A92-8B51-3ADA244CA6B3}"
EndProject
Project("{FAE04EC0-301F-11D3-BF4B-00C04F79EFBC}") = "DesktopAgent", "..\WSM-agent-windows-desktop_agent\DesktopAgent.csproj", "{AB8FFC0D-BA18-4322-9A8C-71B879B7AFC7}"
EndProject
Project("{B7DD6F7E-DEF8-4E67-B5B7-07EF123DB6F0}") = "WSM-agent-windows-desktop_agent_installer", "..\WSM-agent-windows-desktop_agent_installer\WSM-agent-windows-desktop_agent_installer.wixproj", "{34D98E05-B9D4-4AF3-98B6-810612493FFD}"
EndProject
Global
	GlobalSection(SolutionConfigurationPlatforms) = preSolution
		Debug|Any CPU = Debug|Any CPU
		Debug|ARM64 = Debug|ARM64
		Debug|x64 = Debug|x64
		Debug|x86 = Debug|x86
		Release|Any CPU = Release|Any CPU
		Release|ARM64 = Release|ARM64
		Release|x64 = Release|x64
		Release|x86 = Release|x86
	EndGlobalSection
	GlobalSection(ProjectConfigurationPlatforms) = postSolution
		{E5586F8C-96FE-4B79-8878-D60B860E0FD7}.Debug|Any CPU.ActiveCfg = Debug|x64
		{E5586F8C-96FE-4B79-8878-D60B860E0FD7}.Debug|Any CPU.Build.0 = Debug|x64
		{E5586F8C-96FE-4B79-8878-D60B860E0FD7}.Debug|ARM64.ActiveCfg = Debug|ARM64
		{E5586F8C-96FE-4B79-8878-D60B860E0FD7}.Debug|ARM64.Build.0 = Debug|ARM64
		{E5586F8C-96FE-4B79-8878-D60B860E0FD7}.Debug|x64.ActiveCfg = Debug|x64
		{E5586F8C-96FE-4B79-8878-D60B860E0FD7}.Debug|x64.Build.0 = Debug|x64
		{E5586F8C-96FE-4B79-8878-D60B860E0FD7}.Debug|x86.ActiveCfg = Debug|x86
		{E5586F8C-96FE-4B79-8878-D60B860E0FD7}.Debug|x86.Build.0 = Debug|x86
		{E5586F8C-96FE-4B79-8878-D60B860E0FD7}.Release|Any CPU.ActiveCfg = Release|x64
		{E5586F8C-96FE-4B79-8878-D60B860E0FD7}.Release|Any CPU.Build.0 = Release|x64
		{E5586F8C-96FE-4B79-8878-D60B860E0FD7}.Release|ARM64.ActiveCfg = Release|ARM64
		{E5586F8C-96FE-4B79-8878-D60B860E0FD7}.Release|ARM64.Build.0 = Release|ARM64
		{E5586F8C-96FE-4B79-8878-D60B860E0FD7}.Release|x64.ActiveCfg = Release|x64
		{E5586F8C-96FE-4B79-8878-D60B860E0FD7}.Release|x64.Build.0 = Release|x64
		{E5586F8C-96FE-4B79-8878-D60B860E0FD7}.Release|x86.ActiveCfg = Release|x86
		{E5586F8C-96FE-4B79-8878-D60B860E0FD7}.Release|x86.Build.0 = Release|x86
		{79018E5A-CA94-4833-A2CA-A7BFCD3C642D}.Debug|Any CPU.ActiveCfg = Debug|x64
		{79018E5A-CA94-4833-A2CA-A7BFCD3C642D}.Debug|Any CPU.Build.0 = Debug|x64
		{79018E5A-CA94-4833-A2CA-A7BFCD3C642D}.Debug|ARM64.ActiveCfg = Debug|ARM64
		{79018E5A-CA94-4833-A2CA-A7BFCD3C642D}.Debug|ARM64.Build.0 = Debug|ARM64
		{79018E5A-CA94-4833-A2CA-A7BFCD3C642D}.Debug|x64.ActiveCfg = Debug|x64
		{79018E5A-CA94-4833-A2CA-A7BFCD3C642D}.Debug|x64.Build.0 = Debug|x64
		{79018E5A-CA94-4833-A2CA-A7BFCD3C642D}.Debug|x86.ActiveCfg = Debug|x86
		{79018E5A-CA94-4833-A2CA-A7BFCD3C642D}.Debug|x86.Build.0 = Debug|x86
		{79018E5A-CA94-4833-A2CA-A7BFCD3C642D}.Release|Any CPU.ActiveCfg = Release|x64
		{79018E5A-CA94-4833-A2CA-A7BFCD3C642D}.Release|Any CPU.Build.0 = Release|x64
		{79018E5A-CA94-4833-A2CA-A7BFCD3C642D}.Release|ARM64.ActiveCfg = Release|ARM64
		{79018E5A-CA94-4833-A2CA-A7BFCD3C642D}.Release|ARM64.Build.0 = Release|ARM64
		{79018E5A-CA94-4833-A2CA-A7BFCD3C642D}.Release|x64.ActiveCfg = Release|x64
		{79018E5A-CA94-4833-A2CA-A7BFCD3C642D}.Release|x64.Build.0 = Release|x64
		{79018E5A-CA94-4833-A2CA-A7BFCD3C642D}.Release|x86.ActiveCfg = Release|x86
		{79018E5A-CA94-4833-A2CA-A7BFCD3C642D}.Release|x86.Build.0 = Release|x86
		{C3779707-90FC-4A92-8B51-3ADA244CA6B3}.Debug|Any CPU.ActiveCfg = Debug|Any CPU
		{C3779707-90FC-4A92-8B51-3ADA244CA6B3}.Debug|Any CPU.Build.0 = Debug|Any CPU
		{C3779707-90FC-4A92-8B51-3ADA244CA6B3}.Debug|ARM64.ActiveCfg = Debug|Any CPU
		{C3779707-90FC-4A92-8B51-3ADA244CA6B3}.Debug|ARM64.Build.0 = Debug|Any CPU
		{C3779707-90FC-4A92-8B51-3ADA244CA6B3}.Debug|x64.ActiveCfg = Debug|Any CPU
		{C3779707-90FC-4A92-8B51-3ADA244CA6B3}.Debug|x64.Build.0 = Debug|Any CPU
		{C3779707-90FC-4A92-8B51-3ADA244CA6B3}.Debug|x86.ActiveCfg = Debug|Any CPU
		{C3779707-90FC-4A92-8B51-3ADA244CA6B3}.Debug|x86.Build.0 = Debug|Any CPU
		{C3779707-90FC-4A92-8B51-3ADA244CA6B3}.Release|Any CPU.ActiveCfg = Release|Any CPU
		{C3779707-90FC-4A92-8B51-3ADA244CA6B3}.Release|Any CPU.Build.0 = Release|Any CPU
		{C3779707-90FC-4A92-8B51-3ADA244CA6B3}.Release|ARM64.ActiveCfg = Release|Any CPU
		{C3779707-90FC-4A92-8B51-3ADA244CA6B3}.Release|ARM64.Build.0 = Release|Any CPU
		{C3779707-90FC-4A92-8B51-3ADA244CA6B3}.Release|x64.ActiveCfg = Release|Any CPU
		{C3779707-90FC-4A92-8B51-3ADA244CA6B3}.Release|x64.Build.0 = Release|Any CPU
		{C3779707-90FC-4A92-8B51-3ADA244CA6B3}.Release|x86.ActiveCfg = Release|Any CPU
		{C3779707-90FC-4A92-8B51-3ADA244CA6B3}.Release|x86.Build.0 = Release|Any CPU
		{AB8FFC0D-BA18-4322-9A8C-71B879B7AFC7}.Debug|Any CPU.ActiveCfg = Debug|Any CPU
		{AB8FFC0D-BA18-4322-9A8C-71B879B7AFC7}.Debug|Any CPU.Build.0 = Debug|Any CPU
		{AB8FFC0D-BA18-4322-9A8C-71B879B7AFC7}.Debug|ARM64.ActiveCfg = Debug|Any CPU
		{AB8FFC0D-BA18-4322-9A8C-71B879B7AFC7}.Debug|ARM64.Build.0 = Debug|Any CPU
		{AB8FFC0D-BA18-4322-9A8C-71B879B7AFC7}.Debug|x64.ActiveCfg = Debug|Any CPU
		{AB8FFC0D-BA18-4322-9A8C-71B879B7AFC7}.Debug|x64.Build.0 = Debug|Any CPU
		{AB8FFC0D-BA18-4322-9A8C-71B879B7AFC7}.Debug|x86.ActiveCfg = Debug|Any CPU
		{AB8FFC0D-BA18-4322-9A8C-71B879B7AFC7}.Debug|x86.Build.0 = Debug|Any CPU
		{AB8FFC0D-BA18-4322-9A8C-71B879B7AFC7}.Release|Any CPU.ActiveCfg = Release|Any CPU
		{AB8FFC0D-BA18-4322-9A8C-71B879B7AFC7}.Release|Any CPU.Build.0 = Release|Any CPU
		{AB8FFC0D-BA18-4322-9A8C-71B879B7AFC7}.Release|ARM64.ActiveCfg = Release|Any CPU
		{AB8FFC0D-BA18-4322-9A8C-71B879B7AFC7}.Release|ARM64.Build.0 = Release|Any CPU
		{AB8FFC0D-BA18-4322-9A8C-71B879B7AFC7}.Release|x64.ActiveCfg = Release|Any CPU
		{AB8FFC0D-BA18-4322-9A8C-71B879B7AFC7}.Release|x64.Build.0 = Release|Any CPU
		{AB8FFC0D-BA18-4322-9A8C-71B879B7AFC7}.Release|x86.ActiveCfg = Release|Any CPU
		{AB8FFC0D-BA18-4322-9A8C-71B879B7AFC7}.Release|x86.Build.0 = Release|Any CPU
		{34D98E05-B9D4-4AF3-98B6-810612493FFD}.Debug|Any CPU.ActiveCfg = Debug|x64
		{34D98E05-B9D4-4AF3-98B6-810612493FFD}.Debug|Any CPU.Build.0 = Debug|x64
		{34D98E05-B9D4-4AF3-98B6-810612493FFD}.Debug|ARM64.ActiveCfg = Debug|ARM64
		{34D98E05-B9D4-4AF3-98B6-810612493FFD}.Debug|ARM64.Build.0 = Debug|ARM64
		{34D98E05-B9D4-4AF3-98B6-810612493FFD}.Debug|x64.ActiveCfg = Debug|x64
		{34D98E05-B9D4-4AF3-98B6-810612493FFD}.Debug|x64.Build.0 = Debug|x64
		{34D98E05-B9D4-4AF3-98B6-810612493FFD}.Debug|x86.ActiveCfg = Debug|x86
		{34D98E05-B9D4-4AF3-98B6-810612493FFD}.Debug|x86.Build.0 = Debug|x86
		{34D98E05-B9D4-4AF3-98B6-810612493FFD}.Release|Any CPU.ActiveCfg = Release|x64
		{34D98E05-B9D4-4AF3-98B6-810612493FFD}.Release|Any CPU.Build.0 = Release|x64
		{34D98E05-B9D4-4AF3-98B6-810612493FFD}.Release|ARM64.ActiveCfg = Release|ARM64
		{34D98E05-B9D4-4AF3-98B6-810612493FFD}.Release|ARM64.Build.0 = Release|ARM64
		{34D98E05-B9D4-4AF3-98B6-810612493FFD}.Release|x64.ActiveCfg = Release|x64
		{34D98E05-B9D4-4AF3-98B6-810612493FFD}.Release|x64.Build.0 = Release|x64
		{34D98E05-B9D4-4AF3-98B6-810612493FFD}.Release|x86.ActiveCfg = Release|x86
		{34D98E05-B9D4-4AF3-98B6-810612493FFD}.Release|x86.Build.0 = Release|x86
	EndGlobalSection
	GlobalSection(SolutionProperties) = preSolution
		HideSolutionNode = FALSE
	EndGlobalSection
EndGlobal
